
Microsoft Visual Studio Solution File, Format Version 12.00
# Visual Studio Version 17
VisualStudioVersion = 17.6.33815.320
MinimumVisualStudioVersion = 10.0.40219.1
Project("{FAE04EC0-301F-11D3-BF4B-00C04F79EFBC}") = "STMRRPP_PT1", "STMRRPP_PT1.csproj", "{A53DB032-4A01-4EE2-91AC-C3C9DA99B6C9}"
EndProject
Global
	GlobalSection(SolutionConfigurationPlatforms) = preSolution
		Debug|Any CPU = Debug|Any CPU
		Release|Any CPU = Release|Any CPU
	EndGlobalSection
	GlobalSection(ProjectConfigurationPlatforms) = postSolution
		{A53DB032-4A01-4EE2-91AC-C3C9DA99B6C9}.Debug|Any CPU.ActiveCfg = Debug|Any CPU
		{A53DB032-4A01-4EE2-91AC-C3C9DA99B6C9}.Debug|Any CPU.Build.0 = Debug|Any CPU
		{A53DB032-4A01-4EE2-91AC-C3C9DA99B6C9}.Release|Any CPU.ActiveCfg = Release|Any CPU
		{A53DB032-4A01-4EE2-91AC-C3C9DA99B6C9}.Release|Any CPU.Build.0 = Release|Any CPU
	EndGlobalSection
	GlobalSection(SolutionProperties) = preSolution
		HideSolutionNode = FALSE
	EndGlobalSection
	GlobalSection(ExtensibilityGlobals) = postSolution
		SolutionGuid = {056E8ADC-C216-42BA-A460-C8C1A43DB605}
	EndGlobalSection
EndGlobal
